
Microsoft Visual Studio Solution File, Format Version 12.00
# Visual Studio Version 17
VisualStudioVersion = 17.8.34330.188
MinimumVisualStudioVersion = 10.0.40219.1
Project("{9A19103F-16F7-4668-BE54-9A1E7A4F7556}") = "ProjectPRN221_InternetGameManagement", "ProjectPRN221_InternetGameManagement\ProjectPRN221_InternetGameManagement.csproj", "{0D3B44F5-FD31-4196-9E01-88874311C7C3}"
EndProject
Global
	GlobalSection(SolutionConfigurationPlatforms) = preSolution
		Debug|Any CPU = Debug|Any CPU
		Release|Any CPU = Release|Any CPU
	EndGlobalSection
	GlobalSection(ProjectConfigurationPlatforms) = postSolution
		{0D3B44F5-FD31-4196-9E01-88874311C7C3}.Debug|Any CPU.ActiveCfg = Debug|Any CPU
		{0D3B44F5-FD31-4196-9E01-88874311C7C3}.Debug|Any CPU.Build.0 = Debug|Any CPU
		{0D3B44F5-FD31-4196-9E01-88874311C7C3}.Release|Any CPU.ActiveCfg = Release|Any CPU
		{0D3B44F5-FD31-4196-9E01-88874311C7C3}.Release|Any CPU.Build.0 = Release|Any CPU
	EndGlobalSection
	GlobalSection(SolutionProperties) = preSolution
		HideSolutionNode = FALSE
	EndGlobalSection
	GlobalSection(ExtensibilityGlobals) = postSolution
		SolutionGuid = {ED8D487E-854A-4B73-AFF2-61DF8159F091}
	EndGlobalSection
EndGlobal
